
Microsoft Visual Studio Solution File, Format Version 12.00
# Visual Studio Version 16
VisualStudioVersion = 16.0.30804.86
MinimumVisualStudioVersion = 10.0.40219.1
Project("{2150E333-8FDC-42A3-9474-1A3956D46DE8}") = "Tests", "Tests", "{B21E3C7E-9506-45BD-B6A9-456411C92512}"
EndProject
Project("{9A19103F-16F7-4668-BE54-9A1E7A4F7556}") = "USBTerminal.Modules.ModuleName.Tests", "USBTerminal\Tests\USBTerminal.Modules.ModuleName.Tests\USBTerminal.Modules.ModuleName.Tests.csproj", "{EC59B7AA-B51F-4849-9749-4A36B1EF97F0}"
EndProject
Project("{2150E333-8FDC-42A3-9474-1A3956D46DE8}") = "Modules", "Modules", "{8568E95C-52BD-49EC-A1BA-1E597DF43C59}"
EndProject
Project("{9A19103F-16F7-4668-BE54-9A1E7A4F7556}") = "USBTerminal.Modules.ModuleName", "USBTerminal\Modules\USBTerminal.Modules.ModuleName\USBTerminal.Modules.ModuleName.csproj", "{9BF43EA4-0CE7-4E4B-9B2D-A07E30704A51}"
EndProject
Project("{2150E333-8FDC-42A3-9474-1A3956D46DE8}") = "Services", "Services", "{4BE29B90-9162-4848-92CD-F03E7CB0178C}"
EndProject
Project("{9A19103F-16F7-4668-BE54-9A1E7A4F7556}") = "USBTerminal.Services", "USBTerminal\Services\USBTerminal.Services\USBTerminal.Services.csproj", "{286D76BC-3A6E-4F87-BA35-ADB05D8AE757}"
EndProject
Project("{9A19103F-16F7-4668-BE54-9A1E7A4F7556}") = "USBTerminal.Services.Interfaces", "USBTerminal\Services\USBTerminal.Services.Interfaces\USBTerminal.Services.Interfaces.csproj", "{B053F155-EDA7-4EFA-A0EF-2DB28541DC74}"
EndProject
Project("{9A19103F-16F7-4668-BE54-9A1E7A4F7556}") = "USBTerminal.Core", "USBTerminal.Core\USBTerminal.Core.csproj", "{49F81391-FA67-4F62-B52B-424D450972C1}"
EndProject
Project("{9A19103F-16F7-4668-BE54-9A1E7A4F7556}") = "USBTerminal", "USBTerminal\USBTerminal\USBTerminal.csproj", "{C969619F-C06B-4705-B28A-8A09DE315BBE}"
EndProject
Project("{9A19103F-16F7-4668-BE54-9A1E7A4F7556}") = "USBTerminal.Modules.Console", "USBTerminal\Modules\USBTerminal.Modules.Console\USBTerminal.Modules.Console.csproj", "{65DAFEB0-92B9-4E0A-AC9D-D18BE4E1B168}"
EndProject
Project("{FAE04EC0-301F-11D3-BF4B-00C04F79EFBC}") = "USBTerminal.Modules.TestModule", "USBTerminal.Modules.TestModule\USBTerminal.Modules.TestModule.csproj", "{0EF2E98A-62CA-45B4-9F2C-1DF114B7044C}"
EndProject
Global
	GlobalSection(SolutionConfigurationPlatforms) = preSolution
		Debug|Any CPU = Debug|Any CPU
		Release|Any CPU = Release|Any CPU
	EndGlobalSection
	GlobalSection(ProjectConfigurationPlatforms) = postSolution
		{EC59B7AA-B51F-4849-9749-4A36B1EF97F0}.Debug|Any CPU.ActiveCfg = Debug|Any CPU
		{EC59B7AA-B51F-4849-9749-4A36B1EF97F0}.Debug|Any CPU.Build.0 = Debug|Any CPU
		{EC59B7AA-B51F-4849-9749-4A36B1EF97F0}.Release|Any CPU.ActiveCfg = Release|Any CPU
		{EC59B7AA-B51F-4849-9749-4A36B1EF97F0}.Release|Any CPU.Build.0 = Release|Any CPU
		{9BF43EA4-0CE7-4E4B-9B2D-A07E30704A51}.Debug|Any CPU.ActiveCfg = Debug|Any CPU
		{9BF43EA4-0CE7-4E4B-9B2D-A07E30704A51}.Debug|Any CPU.Build.0 = Debug|Any CPU
		{9BF43EA4-0CE7-4E4B-9B2D-A07E30704A51}.Release|Any CPU.ActiveCfg = Release|Any CPU
		{9BF43EA4-0CE7-4E4B-9B2D-A07E30704A51}.Release|Any CPU.Build.0 = Release|Any CPU
		{286D76BC-3A6E-4F87-BA35-ADB05D8AE757}.Debug|Any CPU.ActiveCfg = Debug|Any CPU
		{286D76BC-3A6E-4F87-BA35-ADB05D8AE757}.Debug|Any CPU.Build.0 = Debug|Any CPU
		{286D76BC-3A6E-4F87-BA35-ADB05D8AE757}.Release|Any CPU.ActiveCfg = Release|Any CPU
		{286D76BC-3A6E-4F87-BA35-ADB05D8AE757}.Release|Any CPU.Build.0 = Release|Any CPU
		{B053F155-EDA7-4EFA-A0EF-2DB28541DC74}.Debug|Any CPU.ActiveCfg = Debug|Any CPU
		{B053F155-EDA7-4EFA-A0EF-2DB28541DC74}.Debug|Any CPU.Build.0 = Debug|Any CPU
		{B053F155-EDA7-4EFA-A0EF-2DB28541DC74}.Release|Any CPU.ActiveCfg = Release|Any CPU
		{B053F155-EDA7-4EFA-A0EF-2DB28541DC74}.Release|Any CPU.Build.0 = Release|Any CPU
		{49F81391-FA67-4F62-B52B-424D450972C1}.Debug|Any CPU.ActiveCfg = Debug|Any CPU
		{49F81391-FA67-4F62-B52B-424D450972C1}.Debug|Any CPU.Build.0 = Debug|Any CPU
		{49F81391-FA67-4F62-B52B-424D450972C1}.Release|Any CPU.ActiveCfg = Release|Any CPU
		{49F81391-FA67-4F62-B52B-424D450972C1}.Release|Any CPU.Build.0 = Release|Any CPU
		{C969619F-C06B-4705-B28A-8A09DE315BBE}.Debug|Any CPU.ActiveCfg = Debug|Any CPU
		{C969619F-C06B-4705-B28A-8A09DE315BBE}.Debug|Any CPU.Build.0 = Debug|Any CPU
		{C969619F-C06B-4705-B28A-8A09DE315BBE}.Release|Any CPU.ActiveCfg = Release|Any CPU
		{C969619F-C06B-4705-B28A-8A09DE315BBE}.Release|Any CPU.Build.0 = Release|Any CPU
		{65DAFEB0-92B9-4E0A-AC9D-D18BE4E1B168}.Debug|Any CPU.ActiveCfg = Debug|Any CPU
		{65DAFEB0-92B9-4E0A-AC9D-D18BE4E1B168}.Debug|Any CPU.Build.0 = Debug|Any CPU
		{65DAFEB0-92B9-4E0A-AC9D-D18BE4E1B168}.Release|Any CPU.ActiveCfg = Release|Any CPU
		{65DAFEB0-92B9-4E0A-AC9D-D18BE4E1B168}.Release|Any CPU.Build.0 = Release|Any CPU
		{0EF2E98A-62CA-45B4-9F2C-1DF114B7044C}.Debug|Any CPU.ActiveCfg = Debug|Any CPU
		{0EF2E98A-62CA-45B4-9F2C-1DF114B7044C}.Debug|Any CPU.Build.0 = Debug|Any CPU
		{0EF2E98A-62CA-45B4-9F2C-1DF114B7044C}.Release|Any CPU.ActiveCfg = Release|Any CPU
		{0EF2E98A-62CA-45B4-9F2C-1DF114B7044C}.Release|Any CPU.Build.0 = Release|Any CPU
	EndGlobalSection
	GlobalSection(SolutionProperties) = preSolution
		HideSolutionNode = FALSE
	EndGlobalSection
	GlobalSection(NestedProjects) = preSolution
		{EC59B7AA-B51F-4849-9749-4A36B1EF97F0} = {B21E3C7E-9506-45BD-B6A9-456411C92512}
		{9BF43EA4-0CE7-4E4B-9B2D-A07E30704A51} = {8568E95C-52BD-49EC-A1BA-1E597DF43C59}
		{286D76BC-3A6E-4F87-BA35-ADB05D8AE757} = {4BE29B90-9162-4848-92CD-F03E7CB0178C}
		{B053F155-EDA7-4EFA-A0EF-2DB28541DC74} = {4BE29B90-9162-4848-92CD-F03E7CB0178C}
		{65DAFEB0-92B9-4E0A-AC9D-D18BE4E1B168} = {8568E95C-52BD-49EC-A1BA-1E597DF43C59}
		{0EF2E98A-62CA-45B4-9F2C-1DF114B7044C} = {8568E95C-52BD-49EC-A1BA-1E597DF43C59}
	EndGlobalSection
	GlobalSection(ExtensibilityGlobals) = postSolution
		SolutionGuid = {ED438BE9-4712-4ADE-997E-CEA6DDB390FB}
	EndGlobalSection
EndGlobal
