
Microsoft Visual Studio Solution File, Format Version 12.00
# Visual Studio Version 16
VisualStudioVersion = 16.0.30804.86
MinimumVisualStudioVersion = 10.0.40219.1
Project("{2150E333-8FDC-42A3-9474-1A3956D46DE8}") = "Tests", "Tests", "{B21E3C7E-9506-45BD-B6A9-456411C92512}"
EndProject
Project("{2150E333-8FDC-42A3-9474-1A3956D46DE8}") = "Modules", "Modules", "{8568E95C-52BD-49EC-A1BA-1E597DF43C59}"
EndProject
Project("{2150E333-8FDC-42A3-9474-1A3956D46DE8}") = "Services", "Services", "{4BE29B90-9162-4848-92CD-F03E7CB0178C}"
EndProject
Project("{9A19103F-16F7-4668-BE54-9A1E7A4F7556}") = "USBTerminal.Core", "USBTerminal.Core\USBTerminal.Core.csproj", "{49F81391-FA67-4F62-B52B-424D450972C1}"
EndProject
Project("{9A19103F-16F7-4668-BE54-9A1E7A4F7556}") = "USBTerminal", "USBTerminal\USBTerminal\USBTerminal.csproj", "{C969619F-C06B-4705-B28A-8A09DE315BBE}"
EndProject
Project("{9A19103F-16F7-4668-BE54-9A1E7A4F7556}") = "USBTerminal.Modules.Console", "USBTerminal\Modules\USBTerminal.Modules.Console\USBTerminal.Modules.Console.csproj", "{65DAFEB0-92B9-4E0A-AC9D-D18BE4E1B168}"
EndProject
Project("{9A19103F-16F7-4668-BE54-9A1E7A4F7556}") = "USBTerminal.Modules.USB", "USBTerminal.Modules.USB\USBTerminal.Modules.USB.csproj", "{405ED3D3-A341-42B5-9431-06D44D862699}"
EndProject
Project("{9A19103F-16F7-4668-BE54-9A1E7A4F7556}") = "USBTerminal.Services.Interfaces", "Services\USBTerminal.Services.Interfaces\USBTerminal.Services.Interfaces.csproj", "{9D752909-B83F-4B27-B9A7-DFE9F31F228F}"
EndProject
Project("{9A19103F-16F7-4668-BE54-9A1E7A4F7556}") = "USBTerminal.Tests", "Tests\USBTerminal.Tests\USBTerminal.Tests.csproj", "{8DAB90F9-993C-4865-88EA-67658174E6A5}"
EndProject
Project("{9A19103F-16F7-4668-BE54-9A1E7A4F7556}") = "USBTerminal.Core.Tests", "Tests\USBTerminal.Core.Tests\USBTerminal.Core.Tests.csproj", "{C9D43942-7009-4FD8-9E39-C53F6FE5A7E3}"
EndProject
Project("{9A19103F-16F7-4668-BE54-9A1E7A4F7556}") = "USBTerminal.Simulator", "USBTerminal.Simulator\USBTerminal.Simulator.csproj", "{6EBE1DE2-E409-480F-A1AF-AE627B6AD908}"
EndProject
Project("{9A19103F-16F7-4668-BE54-9A1E7A4F7556}") = "USBTerminal.Modules.Wifi", "USBTerminal.Modules.Wifi\USBTerminal.Modules.Wifi.csproj", "{10D7D86A-69B9-4C4E-8EC8-5F33398C21E8}"
EndProject
Project("{9A19103F-16F7-4668-BE54-9A1E7A4F7556}") = "USBTerminal.Services", "USBTerminal.Services\USBTerminal.Services.csproj", "{F5EC287D-5F49-49E8-B2AC-854C8DD294A9}"
EndProject
Project("{FAE04EC0-301F-11D3-BF4B-00C04F79EFBC}") = "USBTerminal.Modules.SesameBot", "USBTerminal.Modules.SesameBot\USBTerminal.Modules.SesameBot.csproj", "{8922DE9C-FD7E-4048-BB93-883752F4AA15}"
EndProject
Global
	GlobalSection(SolutionConfigurationPlatforms) = preSolution
		Debug|Any CPU = Debug|Any CPU
		Debug|x86 = Debug|x86
		Release|Any CPU = Release|Any CPU
		Release|x86 = Release|x86
	EndGlobalSection
	GlobalSection(ProjectConfigurationPlatforms) = postSolution
		{49F81391-FA67-4F62-B52B-424D450972C1}.Debug|Any CPU.ActiveCfg = Debug|Any CPU
		{49F81391-FA67-4F62-B52B-424D450972C1}.Debug|Any CPU.Build.0 = Debug|Any CPU
		{49F81391-FA67-4F62-B52B-424D450972C1}.Debug|x86.ActiveCfg = Debug|x86
		{49F81391-FA67-4F62-B52B-424D450972C1}.Debug|x86.Build.0 = Debug|x86
		{49F81391-FA67-4F62-B52B-424D450972C1}.Release|Any CPU.ActiveCfg = Release|Any CPU
		{49F81391-FA67-4F62-B52B-424D450972C1}.Release|Any CPU.Build.0 = Release|Any CPU
		{49F81391-FA67-4F62-B52B-424D450972C1}.Release|x86.ActiveCfg = Release|x86
		{49F81391-FA67-4F62-B52B-424D450972C1}.Release|x86.Build.0 = Release|x86
		{C969619F-C06B-4705-B28A-8A09DE315BBE}.Debug|Any CPU.ActiveCfg = Debug|Any CPU
		{C969619F-C06B-4705-B28A-8A09DE315BBE}.Debug|Any CPU.Build.0 = Debug|Any CPU
		{C969619F-C06B-4705-B28A-8A09DE315BBE}.Debug|x86.ActiveCfg = Debug|x86
		{C969619F-C06B-4705-B28A-8A09DE315BBE}.Debug|x86.Build.0 = Debug|x86
		{C969619F-C06B-4705-B28A-8A09DE315BBE}.Release|Any CPU.ActiveCfg = Release|Any CPU
		{C969619F-C06B-4705-B28A-8A09DE315BBE}.Release|Any CPU.Build.0 = Release|Any CPU
		{C969619F-C06B-4705-B28A-8A09DE315BBE}.Release|x86.ActiveCfg = Release|x86
		{C969619F-C06B-4705-B28A-8A09DE315BBE}.Release|x86.Build.0 = Release|x86
		{65DAFEB0-92B9-4E0A-AC9D-D18BE4E1B168}.Debug|Any CPU.ActiveCfg = Debug|Any CPU
		{65DAFEB0-92B9-4E0A-AC9D-D18BE4E1B168}.Debug|Any CPU.Build.0 = Debug|Any CPU
		{65DAFEB0-92B9-4E0A-AC9D-D18BE4E1B168}.Debug|x86.ActiveCfg = Debug|x86
		{65DAFEB0-92B9-4E0A-AC9D-D18BE4E1B168}.Debug|x86.Build.0 = Debug|x86
		{65DAFEB0-92B9-4E0A-AC9D-D18BE4E1B168}.Release|Any CPU.ActiveCfg = Release|Any CPU
		{65DAFEB0-92B9-4E0A-AC9D-D18BE4E1B168}.Release|Any CPU.Build.0 = Release|Any CPU
		{65DAFEB0-92B9-4E0A-AC9D-D18BE4E1B168}.Release|x86.ActiveCfg = Release|x86
		{65DAFEB0-92B9-4E0A-AC9D-D18BE4E1B168}.Release|x86.Build.0 = Release|x86
		{405ED3D3-A341-42B5-9431-06D44D862699}.Debug|Any CPU.ActiveCfg = Debug|Any CPU
		{405ED3D3-A341-42B5-9431-06D44D862699}.Debug|Any CPU.Build.0 = Debug|Any CPU
		{405ED3D3-A341-42B5-9431-06D44D862699}.Debug|x86.ActiveCfg = Debug|x86
		{405ED3D3-A341-42B5-9431-06D44D862699}.Debug|x86.Build.0 = Debug|x86
		{405ED3D3-A341-42B5-9431-06D44D862699}.Release|Any CPU.ActiveCfg = Release|Any CPU
		{405ED3D3-A341-42B5-9431-06D44D862699}.Release|Any CPU.Build.0 = Release|Any CPU
		{405ED3D3-A341-42B5-9431-06D44D862699}.Release|x86.ActiveCfg = Release|x86
		{405ED3D3-A341-42B5-9431-06D44D862699}.Release|x86.Build.0 = Release|x86
		{9D752909-B83F-4B27-B9A7-DFE9F31F228F}.Debug|Any CPU.ActiveCfg = Debug|Any CPU
		{9D752909-B83F-4B27-B9A7-DFE9F31F228F}.Debug|Any CPU.Build.0 = Debug|Any CPU
		{9D752909-B83F-4B27-B9A7-DFE9F31F228F}.Debug|x86.ActiveCfg = Debug|x86
		{9D752909-B83F-4B27-B9A7-DFE9F31F228F}.Debug|x86.Build.0 = Debug|x86
		{9D752909-B83F-4B27-B9A7-DFE9F31F228F}.Release|Any CPU.ActiveCfg = Release|Any CPU
		{9D752909-B83F-4B27-B9A7-DFE9F31F228F}.Release|Any CPU.Build.0 = Release|Any CPU
		{9D752909-B83F-4B27-B9A7-DFE9F31F228F}.Release|x86.ActiveCfg = Release|x86
		{9D752909-B83F-4B27-B9A7-DFE9F31F228F}.Release|x86.Build.0 = Release|x86
		{8DAB90F9-993C-4865-88EA-67658174E6A5}.Debug|Any CPU.ActiveCfg = Debug|Any CPU
		{8DAB90F9-993C-4865-88EA-67658174E6A5}.Debug|Any CPU.Build.0 = Debug|Any CPU
		{8DAB90F9-993C-4865-88EA-67658174E6A5}.Debug|x86.ActiveCfg = Debug|x86
		{8DAB90F9-993C-4865-88EA-67658174E6A5}.Debug|x86.Build.0 = Debug|x86
		{8DAB90F9-993C-4865-88EA-67658174E6A5}.Release|Any CPU.ActiveCfg = Release|Any CPU
		{8DAB90F9-993C-4865-88EA-67658174E6A5}.Release|Any CPU.Build.0 = Release|Any CPU
		{8DAB90F9-993C-4865-88EA-67658174E6A5}.Release|x86.ActiveCfg = Release|x86
		{8DAB90F9-993C-4865-88EA-67658174E6A5}.Release|x86.Build.0 = Release|x86
		{C9D43942-7009-4FD8-9E39-C53F6FE5A7E3}.Debug|Any CPU.ActiveCfg = Debug|Any CPU
		{C9D43942-7009-4FD8-9E39-C53F6FE5A7E3}.Debug|Any CPU.Build.0 = Debug|Any CPU
		{C9D43942-7009-4FD8-9E39-C53F6FE5A7E3}.Debug|x86.ActiveCfg = Debug|x86
		{C9D43942-7009-4FD8-9E39-C53F6FE5A7E3}.Debug|x86.Build.0 = Debug|x86
		{C9D43942-7009-4FD8-9E39-C53F6FE5A7E3}.Release|Any CPU.ActiveCfg = Release|Any CPU
		{C9D43942-7009-4FD8-9E39-C53F6FE5A7E3}.Release|Any CPU.Build.0 = Release|Any CPU
		{C9D43942-7009-4FD8-9E39-C53F6FE5A7E3}.Release|x86.ActiveCfg = Release|x86
		{C9D43942-7009-4FD8-9E39-C53F6FE5A7E3}.Release|x86.Build.0 = Release|x86
		{6EBE1DE2-E409-480F-A1AF-AE627B6AD908}.Debug|Any CPU.ActiveCfg = Debug|Any CPU
		{6EBE1DE2-E409-480F-A1AF-AE627B6AD908}.Debug|x86.ActiveCfg = Debug|Any CPU
		{6EBE1DE2-E409-480F-A1AF-AE627B6AD908}.Release|Any CPU.ActiveCfg = Release|Any CPU
		{6EBE1DE2-E409-480F-A1AF-AE627B6AD908}.Release|Any CPU.Build.0 = Release|Any CPU
		{6EBE1DE2-E409-480F-A1AF-AE627B6AD908}.Release|x86.ActiveCfg = Release|Any CPU
		{6EBE1DE2-E409-480F-A1AF-AE627B6AD908}.Release|x86.Build.0 = Release|Any CPU
		{10D7D86A-69B9-4C4E-8EC8-5F33398C21E8}.Debug|Any CPU.ActiveCfg = Debug|Any CPU
		{10D7D86A-69B9-4C4E-8EC8-5F33398C21E8}.Debug|Any CPU.Build.0 = Debug|Any CPU
		{10D7D86A-69B9-4C4E-8EC8-5F33398C21E8}.Debug|x86.ActiveCfg = Debug|Any CPU
		{10D7D86A-69B9-4C4E-8EC8-5F33398C21E8}.Debug|x86.Build.0 = Debug|Any CPU
		{10D7D86A-69B9-4C4E-8EC8-5F33398C21E8}.Release|Any CPU.ActiveCfg = Release|Any CPU
		{10D7D86A-69B9-4C4E-8EC8-5F33398C21E8}.Release|Any CPU.Build.0 = Release|Any CPU
		{10D7D86A-69B9-4C4E-8EC8-5F33398C21E8}.Release|x86.ActiveCfg = Release|Any CPU
		{10D7D86A-69B9-4C4E-8EC8-5F33398C21E8}.Release|x86.Build.0 = Release|Any CPU
		{F5EC287D-5F49-49E8-B2AC-854C8DD294A9}.Debug|Any CPU.ActiveCfg = Debug|Any CPU
		{F5EC287D-5F49-49E8-B2AC-854C8DD294A9}.Debug|Any CPU.Build.0 = Debug|Any CPU
		{F5EC287D-5F49-49E8-B2AC-854C8DD294A9}.Debug|x86.ActiveCfg = Debug|Any CPU
		{F5EC287D-5F49-49E8-B2AC-854C8DD294A9}.Debug|x86.Build.0 = Debug|Any CPU
		{F5EC287D-5F49-49E8-B2AC-854C8DD294A9}.Release|Any CPU.ActiveCfg = Release|Any CPU
		{F5EC287D-5F49-49E8-B2AC-854C8DD294A9}.Release|Any CPU.Build.0 = Release|Any CPU
		{F5EC287D-5F49-49E8-B2AC-854C8DD294A9}.Release|x86.ActiveCfg = Release|Any CPU
		{F5EC287D-5F49-49E8-B2AC-854C8DD294A9}.Release|x86.Build.0 = Release|Any CPU
		{8922DE9C-FD7E-4048-BB93-883752F4AA15}.Debug|Any CPU.ActiveCfg = Debug|Any CPU
		{8922DE9C-FD7E-4048-BB93-883752F4AA15}.Debug|Any CPU.Build.0 = Debug|Any CPU
		{8922DE9C-FD7E-4048-BB93-883752F4AA15}.Debug|x86.ActiveCfg = Debug|Any CPU
		{8922DE9C-FD7E-4048-BB93-883752F4AA15}.Debug|x86.Build.0 = Debug|Any CPU
		{8922DE9C-FD7E-4048-BB93-883752F4AA15}.Release|Any CPU.ActiveCfg = Release|Any CPU
		{8922DE9C-FD7E-4048-BB93-883752F4AA15}.Release|Any CPU.Build.0 = Release|Any CPU
		{8922DE9C-FD7E-4048-BB93-883752F4AA15}.Release|x86.ActiveCfg = Release|Any CPU
		{8922DE9C-FD7E-4048-BB93-883752F4AA15}.Release|x86.Build.0 = Release|Any CPU
	EndGlobalSection
	GlobalSection(SolutionProperties) = preSolution
		HideSolutionNode = FALSE
	EndGlobalSection
	GlobalSection(NestedProjects) = preSolution
		{65DAFEB0-92B9-4E0A-AC9D-D18BE4E1B168} = {8568E95C-52BD-49EC-A1BA-1E597DF43C59}
		{405ED3D3-A341-42B5-9431-06D44D862699} = {8568E95C-52BD-49EC-A1BA-1E597DF43C59}
		{9D752909-B83F-4B27-B9A7-DFE9F31F228F} = {4BE29B90-9162-4848-92CD-F03E7CB0178C}
		{8DAB90F9-993C-4865-88EA-67658174E6A5} = {B21E3C7E-9506-45BD-B6A9-456411C92512}
		{C9D43942-7009-4FD8-9E39-C53F6FE5A7E3} = {B21E3C7E-9506-45BD-B6A9-456411C92512}
		{10D7D86A-69B9-4C4E-8EC8-5F33398C21E8} = {8568E95C-52BD-49EC-A1BA-1E597DF43C59}
		{F5EC287D-5F49-49E8-B2AC-854C8DD294A9} = {4BE29B90-9162-4848-92CD-F03E7CB0178C}
		{8922DE9C-FD7E-4048-BB93-883752F4AA15} = {8568E95C-52BD-49EC-A1BA-1E597DF43C59}
	EndGlobalSection
	GlobalSection(ExtensibilityGlobals) = postSolution
		SolutionGuid = {ED438BE9-4712-4ADE-997E-CEA6DDB390FB}
	EndGlobalSection
EndGlobal
